// !$*UTF8*$!
{
	archiveVersion = 1;
	classes = {
	};
	objectVersion = 46;
	objects = {

/* Begin PBXBuildFile section */
		7E49C5A01CDAD68600876308 /* AppDelegate.swift in Sources */ = {isa = PBXBuildFile; fileRef = 7E49C59F1CDAD68600876308 /* AppDelegate.swift */; };
		7E49C5A21CDAD68600876308 /* ViewController.swift in Sources */ = {isa = PBXBuildFile; fileRef = 7E49C5A11CDAD68600876308 /* ViewController.swift */; };
		7E49C5A51CDAD68600876308 /* Main.storyboard in Resources */ = {isa = PBXBuildFile; fileRef = 7E49C5A31CDAD68600876308 /* Main.storyboard */; };
		7E49C5A71CDAD68600876308 /* Assets.xcassets in Resources */ = {isa = PBXBuildFile; fileRef = 7E49C5A61CDAD68600876308 /* Assets.xcassets */; };
		7E49C5AA1CDAD68600876308 /* LaunchScreen.storyboard in Resources */ = {isa = PBXBuildFile; fileRef = 7E49C5A81CDAD68600876308 /* LaunchScreen.storyboard */; };
		7E49C5B31CDAD6F900876308 /* post.swift in Sources */ = {isa = PBXBuildFile; fileRef = 7E49C5B21CDAD6F900876308 /* post.swift */; };
		7E49C5B51CDAD8F300876308 /* marguerite.ttf in Resources */ = {isa = PBXBuildFile; fileRef = 7E49C5B41CDAD8F300876308 /* marguerite.ttf */; };
		7E49C5B81CDADE1A00876308 /* customCell.swift in Sources */ = {isa = PBXBuildFile; fileRef = 7E49C5B71CDADE1A00876308 /* customCell.swift */; };
		7E49C5BB1CDAE2A200876308 /* AddPostVC.swift in Sources */ = {isa = PBXBuildFile; fileRef = 7E49C5BA1CDAE2A200876308 /* AddPostVC.swift */; };
		7E49C5BE1CDAEB1300876308 /* datasevice.swift in Sources */ = {isa = PBXBuildFile; fileRef = 7E49C5BD1CDAEB1300876308 /* datasevice.swift */; };
/* End PBXBuildFile section */

/* Begin PBXFileReference section */
		7E49C59C1CDAD68600876308 /* Fav-Notes.app */ = {isa = PBXFileReference; explicitFileType = wrapper.application; includeInIndex = 0; path = "Fav-Notes.app"; sourceTree = BUILT_PRODUCTS_DIR; };
		7E49C59F1CDAD68600876308 /* AppDelegate.swift */ = {isa = PBXFileReference; lastKnownFileType = sourcecode.swift; path = AppDelegate.swift; sourceTree = "<group>"; };
		7E49C5A11CDAD68600876308 /* ViewController.swift */ = {isa = PBXFileReference; lastKnownFileType = sourcecode.swift; path = ViewController.swift; sourceTree = "<group>"; };
		7E49C5A41CDAD68600876308 /* Base */ = {isa = PBXFileReference; lastKnownFileType = file.storyboard; name = Base; path = Base.lproj/Main.storyboard; sourceTree = "<group>"; };
		7E49C5A61CDAD68600876308 /* Assets.xcassets */ = {isa = PBXFileReference; lastKnownFileType = folder.assetcatalog; path = Assets.xcassets; sourceTree = "<group>"; };
		7E49C5A91CDAD68600876308 /* Base */ = {isa = PBXFileReference; lastKnownFileType = file.storyboard; name = Base; path = Base.lproj/LaunchScreen.storyboard; sourceTree = "<group>"; };
		7E49C5AB1CDAD68600876308 /* Info.plist */ = {isa = PBXFileReference; lastKnownFileType = text.plist.xml; path = Info.plist; sourceTree = "<group>"; };
		7E49C5B21CDAD6F900876308 /* post.swift */ = {isa = PBXFileReference; fileEncoding = 4; lastKnownFileType = sourcecode.swift; path = post.swift; sourceTree = "<group>"; };
		7E49C5B41CDAD8F300876308 /* marguerite.ttf */ = {isa = PBXFileReference; lastKnownFileType = file; path = marguerite.ttf; sourceTree = "<group>"; };
		7E49C5B71CDADE1A00876308 /* customCell.swift */ = {isa = PBXFileReference; fileEncoding = 4; lastKnownFileType = sourcecode.swift; path = customCell.swift; sourceTree = "<group>"; };
		7E49C5BA1CDAE2A200876308 /* AddPostVC.swift */ = {isa = PBXFileReference; fileEncoding = 4; lastKnownFileType = sourcecode.swift; path = AddPostVC.swift; sourceTree = "<group>"; };
		7E49C5BD1CDAEB1300876308 /* datasevice.swift */ = {isa = PBXFileReference; fileEncoding = 4; lastKnownFileType = sourcecode.swift; path = datasevice.swift; sourceTree = "<group>"; };
/* End PBXFileReference section */

/* Begin PBXFrameworksBuildPhase section */
		7E49C5991CDAD68600876308 /* Frameworks */ = {
			isa = PBXFrameworksBuildPhase;
			buildActionMask = 2147483647;
			files = (
			);
			runOnlyForDeploymentPostprocessing = 0;
		};
/* End PBXFrameworksBuildPhase section */

/* Begin PBXGroup section */
		7E49C5931CDAD68600876308 = {
			isa = PBXGroup;
			children = (
				7E49C59E1CDAD68600876308 /* Fav-Notes */,
				7E49C59D1CDAD68600876308 /* Products */,
			);
			sourceTree = "<group>";
		};
		7E49C59D1CDAD68600876308 /* Products */ = {
			isa = PBXGroup;
			children = (
				7E49C59C1CDAD68600876308 /* Fav-Notes.app */,
			);
			name = Products;
			sourceTree = "<group>";
		};
		7E49C59E1CDAD68600876308 /* Fav-Notes */ = {
			isa = PBXGroup;
			children = (
				7E49C5BC1CDAEB0500876308 /* sevices */,
				7E49C5B91CDAE27B00876308 /* Controller */,
				7E49C5B61CDADE0600876308 /* View */,
				7E49C5B11CDAD6CC00876308 /* Model */,
				7E49C59F1CDAD68600876308 /* AppDelegate.swift */,
				7E49C5A31CDAD68600876308 /* Main.storyboard */,
				7E49C5A61CDAD68600876308 /* Assets.xcassets */,
				7E49C5A81CDAD68600876308 /* LaunchScreen.storyboard */,
				7E49C5AB1CDAD68600876308 /* Info.plist */,
				7E49C5B41CDAD8F300876308 /* marguerite.ttf */,
			);
			path = "Fav-Notes";
			sourceTree = "<group>";
		};
		7E49C5B11CDAD6CC00876308 /* Model */ = {
			isa = PBXGroup;
			children = (
				7E49C5B21CDAD6F900876308 /* post.swift */,
			);
			name = Model;
			sourceTree = "<group>";
		};
		7E49C5B61CDADE0600876308 /* View */ = {
			isa = PBXGroup;
			children = (
				7E49C5B71CDADE1A00876308 /* customCell.swift */,
			);
			name = View;
			sourceTree = "<group>";
		};
		7E49C5B91CDAE27B00876308 /* Controller */ = {
			isa = PBXGroup;
			children = (
				7E49C5A11CDAD68600876308 /* ViewController.swift */,
				7E49C5BA1CDAE2A200876308 /* AddPostVC.swift */,
			);
			name = Controller;
			sourceTree = "<group>";
		};
		7E49C5BC1CDAEB0500876308 /* sevices */ = {
			isa = PBXGroup;
			children = (
				7E49C5BD1CDAEB1300876308 /* datasevice.swift */,
			);
			name = sevices;
			sourceTree = "<group>";
		};
/* End PBXGroup section */

/* Begin PBXNativeTarget section */
		7E49C59B1CDAD68600876308 /* Fav-Notes */ = {
			isa = PBXNativeTarget;
			buildConfigurationList = 7E49C5AE1CDAD68600876308 /* Build configuration list for PBXNativeTarget "Fav-Notes" */;
			buildPhases = (
				7E49C5981CDAD68600876308 /* Sources */,
				7E49C5991CDAD68600876308 /* Frameworks */,
				7E49C59A1CDAD68600876308 /* Resources */,
			);
			buildRules = (
			);
			dependencies = (
			);
			name = "Fav-Notes";
			productName = "Fav-Notes";
			productReference = 7E49C59C1CDAD68600876308 /* Fav-Notes.app */;
			productType = "com.apple.product-type.application";
		};
/* End PBXNativeTarget section */

/* Begin PBXProject section */
		7E49C5941CDAD68600876308 /* Project object */ = {
			isa = PBXProject;
			attributes = {
				LastSwiftUpdateCheck = 0730;
				LastUpgradeCheck = 0730;
				ORGANIZATIONNAME = "Good Rock Apps LLC";
				TargetAttributes = {
					7E49C59B1CDAD68600876308 = {
						CreatedOnToolsVersion = 7.3;
					};
				};
			};
			buildConfigurationList = 7E49C5971CDAD68600876308 /* Build configuration list for PBXProject "Fav-Notes" */;
			compatibilityVersion = "Xcode 3.2";
			developmentRegion = English;
			hasScannedForEncodings = 0;
			knownRegions = (
				en,
				Base,
			);
			mainGroup = 7E49C5931CDAD68600876308;
			productRefGroup = 7E49C59D1CDAD68600876308 /* Products */;
			projectDirPath = "";
			projectRoot = "";
			targets = (
				7E49C59B1CDAD68600876308 /* Fav-Notes */,
			);
		};
/* End PBXProject section */

/* Begin PBXResourcesBuildPhase section */
		7E49C59A1CDAD68600876308 /* Resources */ = {
			isa = PBXResourcesBuildPhase;
			buildActionMask = 2147483647;
			files = (
				7E49C5AA1CDAD68600876308 /* LaunchScreen.storyboard in Resources */,
				7E49C5A71CDAD68600876308 /* Assets.xcassets in Resources */,
				7E49C5A51CDAD68600876308 /* Main.storyboard in Resources */,
				7E49C5B51CDAD8F300876308 /* marguerite.ttf in Resources */,
			);
			runOnlyForDeploymentPostprocessing = 0;
		};
/* End PBXResourcesBuildPhase section */

/* Begin PBXSourcesBuildPhase section */
		7E49C5981CDAD68600876308 /* Sources */ = {
			isa = PBXSourcesBuildPhase;
			buildActionMask = 2147483647;
			files = (
				7E49C5B31CDAD6F900876308 /* post.swift in Sources */,
				7E49C5A21CDAD68600876308 /* ViewController.swift in Sources */,
				7E49C5BE1CDAEB1300876308 /* datasevice.swift in Sources */,
				7E49C5BB1CDAE2A200876308 /* AddPostVC.swift in Sources */,
				7E49C5B81CDADE1A00876308 /* customCell.swift in Sources */,
				7E49C5A01CDAD68600876308 /* AppDelegate.swift in Sources */,
			);
			runOnlyForDeploymentPostprocessing = 0;
		};
/* End PBXSourcesBuildPhase section */

/* Begin PBXVariantGroup section */
		7E49C5A31CDAD68600876308 /* Main.storyboard */ = {
			isa = PBXVariantGroup;
			children = (
				7E49C5A41CDAD68600876308 /* Base */,
			);
			name = Main.storyboard;
			sourceTree = "<group>";
		};
		7E49C5A81CDAD68600876308 /* LaunchScreen.storyboard */ = {
			isa = PBXVariantGroup;
			children = (
				7E49C5A91CDAD68600876308 /* Base */,
			);
			name = LaunchScreen.storyboard;
			sourceTree = "<group>";
		};
/* End PBXVariantGroup section */

/* Begin XCBuildConfiguration section */
		7E49C5AC1CDAD68600876308 /* Debug */ = {
			isa = XCBuildConfiguration;
			buildSettings = {
				ALWAYS_SEARCH_USER_PATHS = NO;
				CLANG_ANALYZER_NONNULL = YES;
				CLANG_CXX_LANGUAGE_STANDARD = "gnu++0x";
				CLANG_CXX_LIBRARY = "libc++";
				CLANG_ENABLE_MODULES = YES;
				CLANG_ENABLE_OBJC_ARC = YES;
				CLANG_WARN_BOOL_CONVERSION = YES;
				CLANG_WARN_CONSTANT_CONVERSION = YES;
				CLANG_WARN_DIRECT_OBJC_ISA_USAGE = YES_ERROR;
				CLANG_WARN_EMPTY_BODY = YES;
				CLANG_WARN_ENUM_CONVERSION = YES;
				CLANG_WARN_INT_CONVERSION = YES;
				CLANG_WARN_OBJC_ROOT_CLASS = YES_ERROR;
				CLANG_WARN_UNREACHABLE_CODE = YES;
				CLANG_WARN__DUPLICATE_METHOD_MATCH = YES;
				"CODE_SIGN_IDENTITY[sdk=iphoneos*]" = "iPhone Developer";
				COPY_PHASE_STRIP = NO;
				DEBUG_INFORMATION_FORMAT = dwarf;
				ENABLE_STRICT_OBJC_MSGSEND = YES;
				ENABLE_TESTABILITY = YES;
				GCC_C_LANGUAGE_STANDARD = gnu99;
				GCC_DYNAMIC_NO_PIC = NO;
				GCC_NO_COMMON_BLOCKS = YES;
				GCC_OPTIMIZATION_LEVEL = 0;
				GCC_PREPROCESSOR_DEFINITIONS = (
					"DEBUG=1",
					"$(inherited)",
				);
				GCC_WARN_64_TO_32_BIT_CONVERSION = YES;
				GCC_WARN_ABOUT_RETURN_TYPE = YES_ERROR;
				GCC_WARN_UNDECLARED_SELECTOR = YES;
				GCC_WARN_UNINITIALIZED_AUTOS = YES_AGGRESSIVE;
				GCC_WARN_UNUSED_FUNCTION = YES;
				GCC_WARN_UNUSED_VARIABLE = YES;
				IPHONEOS_DEPLOYMENT_TARGET = 9.3;
				MTL_ENABLE_DEBUG_INFO = YES;
				ONLY_ACTIVE_ARCH = YES;
				SDKROOT = iphoneos;
				SWIFT_OPTIMIZATION_LEVEL = "-Onone";
			};
			name = Debug;
		};
		7E49C5AD1CDAD68600876308 /* Release */ = {
			isa = XCBuildConfiguration;
			buildSettings = {
				ALWAYS_SEARCH_USER_PATHS = NO;
				CLANG_ANALYZER_NONNULL = YES;
				CLANG_CXX_LANGUAGE_STANDARD = "gnu++0x";
				CLANG_CXX_LIBRARY = "libc++";
				CLANG_ENABLE_MODULES = YES;
				CLANG_ENABLE_OBJC_ARC = YES;
				CLANG_WARN_BOOL_CONVERSION = YES;
				CLANG_WARN_CONSTANT_CONVERSION = YES;
				CLANG_WARN_DIRECT_OBJC_ISA_USAGE = YES_ERROR;
				CLANG_WARN_EMPTY_BODY = YES;
				CLANG_WARN_ENUM_CONVERSION = YES;
				CLANG_WARN_INT_CONVERSION = YES;
				CLANG_WARN_OBJC_ROOT_CLASS = YES_ERROR;
				CLANG_WARN_UNREACHABLE_CODE = YES;
				CLANG_WARN__DUPLICATE_METHOD_MATCH = YES;
				"CODE_SIGN_IDENTITY[sdk=iphoneos*]" = "iPhone Developer";
				COPY_PHASE_STRIP = NO;
				DEBUG_INFORMATION_FORMAT = "dwarf-with-dsym";
				ENABLE_NS_ASSERTIONS = NO;
				ENABLE_STRICT_OBJC_MSGSEND = YES;
				GCC_C_LANGUAGE_STANDARD = gnu99;
				GCC_NO_COMMON_BLOCKS = YES;
				GCC_WARN_64_TO_32_BIT_CONVERSION = YES;
				GCC_WARN_ABOUT_RETURN_TYPE = YES_ERROR;
				GCC_WARN_UNDECLARED_SELECTOR = YES;
				GCC_WARN_UNINITIALIZED_AUTOS = YES_AGGRESSIVE;
				GCC_WARN_UNUSED_FUNCTION = YES;
				GCC_WARN_UNUSED_VARIABLE = YES;
				IPHONEOS_DEPLOYMENT_TARGET = 9.3;
				MTL_ENABLE_DEBUG_INFO = NO;
				SDKROOT = iphoneos;
				VALIDATE_PRODUCT = YES;
			};
			name = Release;
		};
		7E49C5AF1CDAD68600876308 /* Debug */ = {
			isa = XCBuildConfiguration;
			buildSettings = {
				ASSETCATALOG_COMPILER_APPICON_NAME = AppIcon;
				INFOPLIST_FILE = "Fav-Notes/Info.plist";
				LD_RUNPATH_SEARCH_PATHS = "$(inherited) @executable_path/Frameworks";
				PRODUCT_BUNDLE_IDENTIFIER = "com.goodrockapps.Fav-Notes";
				PRODUCT_NAME = "$(TARGET_NAME)";
			};
			name = Debug;
		};
		7E49C5B01CDAD68600876308 /* Release */ = {
			isa = XCBuildConfiguration;
			buildSettings = {
				ASSETCATALOG_COMPILER_APPICON_NAME = AppIcon;
				INFOPLIST_FILE = "Fav-Notes/Info.plist";
				LD_RUNPATH_SEARCH_PATHS = "$(inherited) @executable_path/Frameworks";
				PRODUCT_BUNDLE_IDENTIFIER = "com.goodrockapps.Fav-Notes";
				PRODUCT_NAME = "$(TARGET_NAME)";
			};
			name = Release;
		};
/* End XCBuildConfiguration section */

/* Begin XCConfigurationList section */
		7E49C5971CDAD68600876308 /* Build configuration list for PBXProject "Fav-Notes" */ = {
			isa = XCConfigurationList;
			buildConfigurations = (
				7E49C5AC1CDAD68600876308 /* Debug */,
				7E49C5AD1CDAD68600876308 /* Release */,
			);
			defaultConfigurationIsVisible = 0;
			defaultConfigurationName = Release;
		};
		7E49C5AE1CDAD68600876308 /* Build configuration list for PBXNativeTarget "Fav-Notes" */ = {
			isa = XCConfigurationList;
			buildConfigurations = (
				7E49C5AF1CDAD68600876308 /* Debug */,
				7E49C5B01CDAD68600876308 /* Release */,
			);
			defaultConfigurationIsVisible = 0;
		};
/* End XCConfigurationList section */
	};
	rootObject = 7E49C5941CDAD68600876308 /* Project object */;
}
